// !$*UTF8*$!
{
	archiveVersion = 1;
	classes = {
	};
	objectVersion = 46;
	objects = {

/* Begin PBXBuildFile section */
		9CAC60D91A2F012A00F0A6D6 /* main.c in Sources */ = {isa = PBXBuildFile; fileRef = 9CAC60D81A2F012A00F0A6D6 /* main.c */; };
/* End PBXBuildFile section */

/* Begin PBXCopyFilesBuildPhase section */
		9CAC60D31A2F012A00F0A6D6 /* CopyFiles */ = {
			isa = PBXCopyFilesBuildPhase;
			buildActionMask = 2147483647;
			dstPath = /usr/share/man/man1/;
			dstSubfolderSpec = 0;
			files = (
			);
			runOnlyForDeploymentPostprocessing = 1;
		};
/* End PBXCopyFilesBuildPhase section */

/* Begin PBXFileReference section */
		9CAC60D51A2F012A00F0A6D6 /* NSY103-barriere-parking */ = {isa = PBXFileReference; explicitFileType = "compiled.mach-o.executable"; includeInIndex = 0; path = "NSY103-barriere-parking"; sourceTree = BUILT_PRODUCTS_DIR; };
		9CAC60D81A2F012A00F0A6D6 /* main.c */ = {isa = PBXFileReference; lastKnownFileType = sourcecode.c.c; path = main.c; sourceTree = "<group>"; };
		9CAC60DF1A2F043200F0A6D6 /* Projets_Barriere.pdf */ = {isa = PBXFileReference; lastKnownFileType = image.pdf; path = Projets_Barriere.pdf; sourceTree = "<group>"; };
/* End PBXFileReference section */

/* Begin PBXFrameworksBuildPhase section */
		9CAC60D21A2F012A00F0A6D6 /* Frameworks */ = {
			isa = PBXFrameworksBuildPhase;
			buildActionMask = 2147483647;
			files = (
			);
			runOnlyForDeploymentPostprocessing = 0;
		};
/* End PBXFrameworksBuildPhase section */

/* Begin PBXGroup section */
		9CAC60CC1A2F012A00F0A6D6 = {
			isa = PBXGroup;
			children = (
				9CAC60DF1A2F043200F0A6D6 /* Projets_Barriere.pdf */,
				9CAC60D71A2F012A00F0A6D6 /* NSY103-barriere-parking */,
				9CAC60D61A2F012A00F0A6D6 /* Products */,
			);
			sourceTree = "<group>";
		};
		9CAC60D61A2F012A00F0A6D6 /* Products */ = {
			isa = PBXGroup;
			children = (
				9CAC60D51A2F012A00F0A6D6 /* NSY103-barriere-parking */,
			);
			name = Products;
			sourceTree = "<group>";
		};
		9CAC60D71A2F012A00F0A6D6 /* NSY103-barriere-parking */ = {
			isa = PBXGroup;
			children = (
				9CAC60D81A2F012A00F0A6D6 /* main.c */,
			);
			path = "NSY103-barriere-parking";
			sourceTree = "<group>";
		};
/* End PBXGroup section */

/* Begin PBXNativeTarget section */
		9CAC60D41A2F012A00F0A6D6 /* NSY103-barriere-parking */ = {
			isa = PBXNativeTarget;
			buildConfigurationList = 9CAC60DC1A2F012A00F0A6D6 /* Build configuration list for PBXNativeTarget "NSY103-barriere-parking" */;
			buildPhases = (
				9CAC60D11A2F012A00F0A6D6 /* Sources */,
				9CAC60D21A2F012A00F0A6D6 /* Frameworks */,
				9CAC60D31A2F012A00F0A6D6 /* CopyFiles */,
			);
			buildRules = (
			);
			dependencies = (
			);
			name = "NSY103-barriere-parking";
			productName = "NSY103-barriere-parking";
			productReference = 9CAC60D51A2F012A00F0A6D6 /* NSY103-barriere-parking */;
			productType = "com.apple.product-type.tool";
		};
/* End PBXNativeTarget section */

/* Begin PBXProject section */
		9CAC60CD1A2F012A00F0A6D6 /* Project object */ = {
			isa = PBXProject;
			attributes = {
				LastUpgradeCheck = 0610;
				ORGANIZATIONNAME = "Maxime Chenot";
				TargetAttributes = {
					9CAC60D41A2F012A00F0A6D6 = {
						CreatedOnToolsVersion = 6.1;
					};
				};
			};
			buildConfigurationList = 9CAC60D01A2F012A00F0A6D6 /* Build configuration list for PBXProject "NSY103-barriere-parking" */;
			compatibilityVersion = "Xcode 3.2";
			developmentRegion = English;
			hasScannedForEncodings = 0;
			knownRegions = (
				en,
			);
			mainGroup = 9CAC60CC1A2F012A00F0A6D6;
			productRefGroup = 9CAC60D61A2F012A00F0A6D6 /* Products */;
			projectDirPath = "";
			projectRoot = "";
			targets = (
				9CAC60D41A2F012A00F0A6D6 /* NSY103-barriere-parking */,
			);
		};
/* End PBXProject section */

/* Begin PBXSourcesBuildPhase section */
		9CAC60D11A2F012A00F0A6D6 /* Sources */ = {
			isa = PBXSourcesBuildPhase;
			buildActionMask = 2147483647;
			files = (
				9CAC60D91A2F012A00F0A6D6 /* main.c in Sources */,
			);
			runOnlyForDeploymentPostprocessing = 0;
		};
/* End PBXSourcesBuildPhase section */

/* Begin XCBuildConfiguration section */
		9CAC60DA1A2F012A00F0A6D6 /* Debug */ = {
			isa = XCBuildConfiguration;
			buildSettings = {
				ALWAYS_SEARCH_USER_PATHS = NO;
				CLANG_CXX_LANGUAGE_STANDARD = "gnu++0x";
				CLANG_CXX_LIBRARY = "libc++";
				CLANG_ENABLE_MODULES = YES;
				CLANG_ENABLE_OBJC_ARC = YES;
				CLANG_WARN_BOOL_CONVERSION = YES;
				CLANG_WARN_CONSTANT_CONVERSION = YES;
				CLANG_WARN_DIRECT_OBJC_ISA_USAGE = YES_ERROR;
				CLANG_WARN_EMPTY_BODY = YES;
				CLANG_WARN_ENUM_CONVERSION = YES;
				CLANG_WARN_INT_CONVERSION = YES;
				CLANG_WARN_OBJC_ROOT_CLASS = YES_ERROR;
				CLANG_WARN_UNREACHABLE_CODE = YES;
				CLANG_WARN__DUPLICATE_METHOD_MATCH = YES;
				COPY_PHASE_STRIP = NO;
				ENABLE_STRICT_OBJC_MSGSEND = YES;
				GCC_C_LANGUAGE_STANDARD = gnu99;
				GCC_DYNAMIC_NO_PIC = NO;
				GCC_OPTIMIZATION_LEVEL = 0;
				GCC_PREPROCESSOR_DEFINITIONS = (
					"DEBUG=1",
					"$(inherited)",
				);
				GCC_SYMBOLS_PRIVATE_EXTERN = NO;
				GCC_WARN_64_TO_32_BIT_CONVERSION = YES;
				GCC_WARN_ABOUT_RETURN_TYPE = YES_ERROR;
				GCC_WARN_UNDECLARED_SELECTOR = YES;
				GCC_WARN_UNINITIALIZED_AUTOS = YES_AGGRESSIVE;
				GCC_WARN_UNUSED_FUNCTION = YES;
				GCC_WARN_UNUSED_VARIABLE = YES;
				MACOSX_DEPLOYMENT_TARGET = 10.10;
				MTL_ENABLE_DEBUG_INFO = YES;
				ONLY_ACTIVE_ARCH = YES;
				SDKROOT = macosx;
			};
			name = Debug;
		};
		9CAC60DB1A2F012A00F0A6D6 /* Release */ = {
			isa = XCBuildConfiguration;
			buildSettings = {
				ALWAYS_SEARCH_USER_PATHS = NO;
				CLANG_CXX_LANGUAGE_STANDARD = "gnu++0x";
				CLANG_CXX_LIBRARY = "libc++";
				CLANG_ENABLE_MODULES = YES;
				CLANG_ENABLE_OBJC_ARC = YES;
				CLANG_WARN_BOOL_CONVERSION = YES;
				CLANG_WARN_CONSTANT_CONVERSION = YES;
				CLANG_WARN_DIRECT_OBJC_ISA_USAGE = YES_ERROR;
				CLANG_WARN_EMPTY_BODY = YES;
				CLANG_WARN_ENUM_CONVERSION = YES;
				CLANG_WARN_INT_CONVERSION = YES;
				CLANG_WARN_OBJC_ROOT_CLASS = YES_ERROR;
				CLANG_WARN_UNREACHABLE_CODE = YES;
				CLANG_WARN__DUPLICATE_METHOD_MATCH = YES;
				COPY_PHASE_STRIP = YES;
				DEBUG_INFORMATION_FORMAT = "dwarf-with-dsym";
				ENABLE_NS_ASSERTIONS = NO;
				ENABLE_STRICT_OBJC_MSGSEND = YES;
				GCC_C_LANGUAGE_STANDARD = gnu99;
				GCC_WARN_64_TO_32_BIT_CONVERSION = YES;
				GCC_WARN_ABOUT_RETURN_TYPE = YES_ERROR;
				GCC_WARN_UNDECLARED_SELECTOR = YES;
				GCC_WARN_UNINITIALIZED_AUTOS = YES_AGGRESSIVE;
				GCC_WARN_UNUSED_FUNCTION = YES;
				GCC_WARN_UNUSED_VARIABLE = YES;
				MACOSX_DEPLOYMENT_TARGET = 10.10;
				MTL_ENABLE_DEBUG_INFO = NO;
				SDKROOT = macosx;
			};
			name = Release;
		};
		9CAC60DD1A2F012A00F0A6D6 /* Debug */ = {
			isa = XCBuildConfiguration;
			buildSettings = {
				PRODUCT_NAME = "$(TARGET_NAME)";
			};
			name = Debug;
		};
		9CAC60DE1A2F012A00F0A6D6 /* Release */ = {
			isa = XCBuildConfiguration;
			buildSettings = {
				PRODUCT_NAME = "$(TARGET_NAME)";
			};
			name = Release;
		};
/* End XCBuildConfiguration section */

/* Begin XCConfigurationList section */
		9CAC60D01A2F012A00F0A6D6 /* Build configuration list for PBXProject "NSY103-barriere-parking" */ = {
			isa = XCConfigurationList;
			buildConfigurations = (
				9CAC60DA1A2F012A00F0A6D6 /* Debug */,
				9CAC60DB1A2F012A00F0A6D6 /* Release */,
			);
			defaultConfigurationIsVisible = 0;
			defaultConfigurationName = Release;
		};
		9CAC60DC1A2F012A00F0A6D6 /* Build configuration list for PBXNativeTarget "NSY103-barriere-parking" */ = {
			isa = XCConfigurationList;
			buildConfigurations = (
				9CAC60DD1A2F012A00F0A6D6 /* Debug */,
				9CAC60DE1A2F012A00F0A6D6 /* Release */,
			);
			defaultConfigurationIsVisible = 0;
		};
/* End XCConfigurationList section */
	};
	rootObject = 9CAC60CD1A2F012A00F0A6D6 /* Project object */;
}
